
Microsoft Visual Studio Solution File, Format Version 12.00
# Visual Studio 15
VisualStudioVersion = 15.0.26730.16
MinimumVisualStudioVersion = 10.0.40219.1
Project("{FAE04EC0-301F-11D3-BF4B-00C04F79EFBC}") = "IsabelDb", "IsabelDb\IsabelDb.csproj", "{B413AD3C-5410-4B84-9218-7DB81FC95213}"
EndProject
Project("{FAE04EC0-301F-11D3-BF4B-00C04F79EFBC}") = "IsabelDb.Test", "IsabelDb.Test\IsabelDb.Test.csproj", "{F8083C11-96DE-481C-8255-22652642FF13}"
EndProject
Project("{2150E333-8FDC-42A3-9474-1A3956D46DE8}") = "Solution Items", "Solution Items", "{1F650CC7-24EF-47F2-83F1-A01AB9EE3158}"
	ProjectSection(SolutionItems) = preProject
		LICENSE = LICENSE
		README.md = README.md
		Serialization.MD = Serialization.MD
	EndProjectSection
EndProject
Project("{2150E333-8FDC-42A3-9474-1A3956D46DE8}") = "Benchmarks", "Benchmarks", "{86F31708-E1CB-4EA8-8181-ABC291DE30D5}"
EndProject
Project("{2150E333-8FDC-42A3-9474-1A3956D46DE8}") = "Tests", "Tests", "{0097BD80-9714-46AD-B1BC-86F6FDB56642}"
EndProject
Project("{FAE04EC0-301F-11D3-BF4B-00C04F79EFBC}") = "IsabelDb.Benchmark", "Benchmarks\IsabelDb.Benchmark\IsabelDb.Benchmark.csproj", "{21393821-D777-49C3-9AFC-57D1E0344446}"
EndProject
Project("{FAE04EC0-301F-11D3-BF4B-00C04F79EFBC}") = "IsabelDb.Benchmarks.GetByKey", "Benchmarks\IsabelDb.Benchmarks.GetByKey\IsabelDb.Benchmarks.GetByKey.csproj", "{804D2442-D8BE-4C06-ADE6-6005A968EC06}"
EndProject
Project("{FAE04EC0-301F-11D3-BF4B-00C04F79EFBC}") = "IsabelDb.Benchmarks.Serializer", "Benchmarks\IsabelDb.Benchmarks.Serializer\IsabelDb.Benchmarks.Serializer.csproj", "{8F6C8A44-9725-4FC3-BF29-0B456E68E8CA}"
EndProject
Project("{FAE04EC0-301F-11D3-BF4B-00C04F79EFBC}") = "IsabelDb.AcceptanceTest", "IsabelDb.AcceptanceTest\IsabelDb.AcceptanceTest.csproj", "{46B11958-19D7-4BC8-98EE-308618FFB124}"
EndProject
Project("{FAE04EC0-301F-11D3-BF4B-00C04F79EFBC}") = "IsabelDb.Browser", "IsabelDb.Browser\IsabelDb.Browser.csproj", "{5DFA6087-EA8A-480C-A50E-24D052EA0661}"
EndProject
Global
	GlobalSection(SolutionConfigurationPlatforms) = preSolution
		Debug|Any CPU = Debug|Any CPU
		Release|Any CPU = Release|Any CPU
	EndGlobalSection
	GlobalSection(ProjectConfigurationPlatforms) = postSolution
		{B413AD3C-5410-4B84-9218-7DB81FC95213}.Debug|Any CPU.ActiveCfg = Debug|Any CPU
		{B413AD3C-5410-4B84-9218-7DB81FC95213}.Debug|Any CPU.Build.0 = Debug|Any CPU
		{B413AD3C-5410-4B84-9218-7DB81FC95213}.Release|Any CPU.ActiveCfg = Release|Any CPU
		{B413AD3C-5410-4B84-9218-7DB81FC95213}.Release|Any CPU.Build.0 = Release|Any CPU
		{F8083C11-96DE-481C-8255-22652642FF13}.Debug|Any CPU.ActiveCfg = Debug|Any CPU
		{F8083C11-96DE-481C-8255-22652642FF13}.Debug|Any CPU.Build.0 = Debug|Any CPU
		{F8083C11-96DE-481C-8255-22652642FF13}.Release|Any CPU.ActiveCfg = Release|Any CPU
		{F8083C11-96DE-481C-8255-22652642FF13}.Release|Any CPU.Build.0 = Release|Any CPU
		{21393821-D777-49C3-9AFC-57D1E0344446}.Debug|Any CPU.ActiveCfg = Debug|Any CPU
		{21393821-D777-49C3-9AFC-57D1E0344446}.Debug|Any CPU.Build.0 = Debug|Any CPU
		{21393821-D777-49C3-9AFC-57D1E0344446}.Release|Any CPU.ActiveCfg = Release|Any CPU
		{21393821-D777-49C3-9AFC-57D1E0344446}.Release|Any CPU.Build.0 = Release|Any CPU
		{804D2442-D8BE-4C06-ADE6-6005A968EC06}.Debug|Any CPU.ActiveCfg = Debug|Any CPU
		{804D2442-D8BE-4C06-ADE6-6005A968EC06}.Debug|Any CPU.Build.0 = Debug|Any CPU
		{804D2442-D8BE-4C06-ADE6-6005A968EC06}.Release|Any CPU.ActiveCfg = Release|Any CPU
		{804D2442-D8BE-4C06-ADE6-6005A968EC06}.Release|Any CPU.Build.0 = Release|Any CPU
		{8F6C8A44-9725-4FC3-BF29-0B456E68E8CA}.Debug|Any CPU.ActiveCfg = Debug|Any CPU
		{8F6C8A44-9725-4FC3-BF29-0B456E68E8CA}.Debug|Any CPU.Build.0 = Debug|Any CPU
		{8F6C8A44-9725-4FC3-BF29-0B456E68E8CA}.Release|Any CPU.ActiveCfg = Release|Any CPU
		{8F6C8A44-9725-4FC3-BF29-0B456E68E8CA}.Release|Any CPU.Build.0 = Release|Any CPU
		{46B11958-19D7-4BC8-98EE-308618FFB124}.Debug|Any CPU.ActiveCfg = Debug|Any CPU
		{46B11958-19D7-4BC8-98EE-308618FFB124}.Debug|Any CPU.Build.0 = Debug|Any CPU
		{46B11958-19D7-4BC8-98EE-308618FFB124}.Release|Any CPU.ActiveCfg = Release|Any CPU
		{46B11958-19D7-4BC8-98EE-308618FFB124}.Release|Any CPU.Build.0 = Release|Any CPU
		{5DFA6087-EA8A-480C-A50E-24D052EA0661}.Debug|Any CPU.ActiveCfg = Debug|Any CPU
		{5DFA6087-EA8A-480C-A50E-24D052EA0661}.Debug|Any CPU.Build.0 = Debug|Any CPU
		{5DFA6087-EA8A-480C-A50E-24D052EA0661}.Release|Any CPU.ActiveCfg = Release|Any CPU
		{5DFA6087-EA8A-480C-A50E-24D052EA0661}.Release|Any CPU.Build.0 = Release|Any CPU
	EndGlobalSection
	GlobalSection(SolutionProperties) = preSolution
		HideSolutionNode = FALSE
	EndGlobalSection
	GlobalSection(NestedProjects) = preSolution
		{F8083C11-96DE-481C-8255-22652642FF13} = {0097BD80-9714-46AD-B1BC-86F6FDB56642}
		{21393821-D777-49C3-9AFC-57D1E0344446} = {86F31708-E1CB-4EA8-8181-ABC291DE30D5}
		{804D2442-D8BE-4C06-ADE6-6005A968EC06} = {86F31708-E1CB-4EA8-8181-ABC291DE30D5}
		{8F6C8A44-9725-4FC3-BF29-0B456E68E8CA} = {86F31708-E1CB-4EA8-8181-ABC291DE30D5}
		{46B11958-19D7-4BC8-98EE-308618FFB124} = {0097BD80-9714-46AD-B1BC-86F6FDB56642}
	EndGlobalSection
	GlobalSection(ExtensibilityGlobals) = postSolution
		SolutionGuid = {1D8FD4EC-9BE0-45B8-BFBF-7EB3C33D9749}
	EndGlobalSection
EndGlobal
